
Microsoft Visual Studio Solution File, Format Version 12.00
# Visual Studio Version 17
VisualStudioVersion = 17.3.32708.82
MinimumVisualStudioVersion = 10.0.40219.1
Project("{9A19103F-16F7-4668-BE54-9A1E7A4F7556}") = "rverse", "rverse\rverse.csproj", "{E8C04921-93C5-4F6E-9BB2-0D5686122062}"
EndProject
Project("{9A19103F-16F7-4668-BE54-9A1E7A4F7556}") = "rverse.Presentation", "rverse.Presentation\rverse.Presentation.csproj", "{091E9A5D-FB04-4CE9-95D1-F470CC92DFB4}"
EndProject
Project("{9A19103F-16F7-4668-BE54-9A1E7A4F7556}") = "rverse.Contracts", "rverse.Contracts\rverse.Contracts.csproj", "{6D555BB8-57CA-40BD-A008-A30272C18ABC}"
EndProject
Project("{9A19103F-16F7-4668-BE54-9A1E7A4F7556}") = "rverse.Services.LoggingService", "rverse.Services\LoggingService\rverse.Services.LoggingService.csproj", "{193B958C-E92C-43CE-9D77-83F6AAD65709}"
EndProject
Project("{2150E333-8FDC-42A3-9474-1A3956D46DE8}") = "Solution Items", "Solution Items", "{FCFB6F13-262C-4BAF-8512-BAA9159DAE52}"
	ProjectSection(SolutionItems) = preProject
		.editorconfig = .editorconfig
	EndProjectSection
EndProject
Global
	GlobalSection(SolutionConfigurationPlatforms) = preSolution
		Debug|Any CPU = Debug|Any CPU
		Release|Any CPU = Release|Any CPU
	EndGlobalSection
	GlobalSection(ProjectConfigurationPlatforms) = postSolution
		{E8C04921-93C5-4F6E-9BB2-0D5686122062}.Debug|Any CPU.ActiveCfg = Debug|Any CPU
		{E8C04921-93C5-4F6E-9BB2-0D5686122062}.Debug|Any CPU.Build.0 = Debug|Any CPU
		{E8C04921-93C5-4F6E-9BB2-0D5686122062}.Release|Any CPU.ActiveCfg = Release|Any CPU
		{E8C04921-93C5-4F6E-9BB2-0D5686122062}.Release|Any CPU.Build.0 = Release|Any CPU
		{091E9A5D-FB04-4CE9-95D1-F470CC92DFB4}.Debug|Any CPU.ActiveCfg = Debug|Any CPU
		{091E9A5D-FB04-4CE9-95D1-F470CC92DFB4}.Debug|Any CPU.Build.0 = Debug|Any CPU
		{091E9A5D-FB04-4CE9-95D1-F470CC92DFB4}.Release|Any CPU.ActiveCfg = Release|Any CPU
		{091E9A5D-FB04-4CE9-95D1-F470CC92DFB4}.Release|Any CPU.Build.0 = Release|Any CPU
		{6D555BB8-57CA-40BD-A008-A30272C18ABC}.Debug|Any CPU.ActiveCfg = Debug|Any CPU
		{6D555BB8-57CA-40BD-A008-A30272C18ABC}.Debug|Any CPU.Build.0 = Debug|Any CPU
		{6D555BB8-57CA-40BD-A008-A30272C18ABC}.Release|Any CPU.ActiveCfg = Release|Any CPU
		{6D555BB8-57CA-40BD-A008-A30272C18ABC}.Release|Any CPU.Build.0 = Release|Any CPU
		{193B958C-E92C-43CE-9D77-83F6AAD65709}.Debug|Any CPU.ActiveCfg = Debug|Any CPU
		{193B958C-E92C-43CE-9D77-83F6AAD65709}.Debug|Any CPU.Build.0 = Debug|Any CPU
		{193B958C-E92C-43CE-9D77-83F6AAD65709}.Release|Any CPU.ActiveCfg = Release|Any CPU
		{193B958C-E92C-43CE-9D77-83F6AAD65709}.Release|Any CPU.Build.0 = Release|Any CPU
	EndGlobalSection
	GlobalSection(SolutionProperties) = preSolution
		HideSolutionNode = FALSE
	EndGlobalSection
	GlobalSection(ExtensibilityGlobals) = postSolution
		SolutionGuid = {0AF3DD81-15E0-4D12-B343-7AF1895C70D0}
	EndGlobalSection
EndGlobal
